// !$*UTF8*$!
{
	archiveVersion = 1;
	classes = {
	};
	objectVersion = 50;
	objects = {

/* Begin PBXBuildFile section */
		4A96483024A7987C006753C5 /* ContactListView.swift in Sources */ = {isa = PBXBuildFile; fileRef = 4A96482F24A7987C006753C5 /* ContactListView.swift */; };
		4A96483224A7A8B6006753C5 /* ContactDetailView.swift in Sources */ = {isa = PBXBuildFile; fileRef = 4A96483124A7A8B6006753C5 /* ContactDetailView.swift */; };
		4A96483424A7C0A4006753C5 /* NetworkLoader.swift in Sources */ = {isa = PBXBuildFile; fileRef = 4A96483324A7C0A4006753C5 /* NetworkLoader.swift */; };
		4AA472E224A790760048F100 /* ImageLoader.swift in Sources */ = {isa = PBXBuildFile; fileRef = 4AA472E124A790760048F100 /* ImageLoader.swift */; };
		4ACBDEC924A55565002BEF4C /* AppDelegate.swift in Sources */ = {isa = PBXBuildFile; fileRef = 4ACBDEC824A55565002BEF4C /* AppDelegate.swift */; };
		4ACBDECB24A55565002BEF4C /* SceneDelegate.swift in Sources */ = {isa = PBXBuildFile; fileRef = 4ACBDECA24A55565002BEF4C /* SceneDelegate.swift */; };
		4ACBDECD24A55565002BEF4C /* ContentView.swift in Sources */ = {isa = PBXBuildFile; fileRef = 4ACBDECC24A55565002BEF4C /* ContentView.swift */; };
		4ACBDECF24A55566002BEF4C /* Assets.xcassets in Resources */ = {isa = PBXBuildFile; fileRef = 4ACBDECE24A55566002BEF4C /* Assets.xcassets */; };
		4ACBDED224A55566002BEF4C /* Preview Assets.xcassets in Resources */ = {isa = PBXBuildFile; fileRef = 4ACBDED124A55566002BEF4C /* Preview Assets.xcassets */; };
		4ACBDED524A55566002BEF4C /* LaunchScreen.storyboard in Resources */ = {isa = PBXBuildFile; fileRef = 4ACBDED324A55566002BEF4C /* LaunchScreen.storyboard */; };
		4ACBDEDD24A56456002BEF4C /* CircleImage.swift in Sources */ = {isa = PBXBuildFile; fileRef = 4ACBDEDC24A56456002BEF4C /* CircleImage.swift */; };
		4ACBDEDF24A56713002BEF4C /* Contact.swift in Sources */ = {isa = PBXBuildFile; fileRef = 4ACBDEDE24A56713002BEF4C /* Contact.swift */; };
		4ACBDEE324A56BA9002BEF4C /* ListItem.swift in Sources */ = {isa = PBXBuildFile; fileRef = 4ACBDEE224A56BA9002BEF4C /* ListItem.swift */; };
/* End PBXBuildFile section */

/* Begin PBXFileReference section */
		4A96482F24A7987C006753C5 /* ContactListView.swift */ = {isa = PBXFileReference; lastKnownFileType = sourcecode.swift; path = ContactListView.swift; sourceTree = "<group>"; };
		4A96483124A7A8B6006753C5 /* ContactDetailView.swift */ = {isa = PBXFileReference; lastKnownFileType = sourcecode.swift; path = ContactDetailView.swift; sourceTree = "<group>"; };
		4A96483324A7C0A4006753C5 /* NetworkLoader.swift */ = {isa = PBXFileReference; lastKnownFileType = sourcecode.swift; path = NetworkLoader.swift; sourceTree = "<group>"; };
		4AA472E124A790760048F100 /* ImageLoader.swift */ = {isa = PBXFileReference; lastKnownFileType = sourcecode.swift; path = ImageLoader.swift; sourceTree = "<group>"; };
		4ACBDEC524A55565002BEF4C /* Contacts.app */ = {isa = PBXFileReference; explicitFileType = wrapper.application; includeInIndex = 0; path = Contacts.app; sourceTree = BUILT_PRODUCTS_DIR; };
		4ACBDEC824A55565002BEF4C /* AppDelegate.swift */ = {isa = PBXFileReference; lastKnownFileType = sourcecode.swift; path = AppDelegate.swift; sourceTree = "<group>"; };
		4ACBDECA24A55565002BEF4C /* SceneDelegate.swift */ = {isa = PBXFileReference; lastKnownFileType = sourcecode.swift; path = SceneDelegate.swift; sourceTree = "<group>"; };
		4ACBDECC24A55565002BEF4C /* ContentView.swift */ = {isa = PBXFileReference; lastKnownFileType = sourcecode.swift; path = ContentView.swift; sourceTree = "<group>"; };
		4ACBDECE24A55566002BEF4C /* Assets.xcassets */ = {isa = PBXFileReference; lastKnownFileType = folder.assetcatalog; path = Assets.xcassets; sourceTree = "<group>"; };
		4ACBDED124A55566002BEF4C /* Preview Assets.xcassets */ = {isa = PBXFileReference; lastKnownFileType = folder.assetcatalog; path = "Preview Assets.xcassets"; sourceTree = "<group>"; };
		4ACBDED424A55566002BEF4C /* Base */ = {isa = PBXFileReference; lastKnownFileType = file.storyboard; name = Base; path = Base.lproj/LaunchScreen.storyboard; sourceTree = "<group>"; };
		4ACBDED624A55566002BEF4C /* Info.plist */ = {isa = PBXFileReference; lastKnownFileType = text.plist.xml; path = Info.plist; sourceTree = "<group>"; };
		4ACBDEDC24A56456002BEF4C /* CircleImage.swift */ = {isa = PBXFileReference; lastKnownFileType = sourcecode.swift; path = CircleImage.swift; sourceTree = "<group>"; };
		4ACBDEDE24A56713002BEF4C /* Contact.swift */ = {isa = PBXFileReference; lastKnownFileType = sourcecode.swift; path = Contact.swift; sourceTree = "<group>"; };
		4ACBDEE224A56BA9002BEF4C /* ListItem.swift */ = {isa = PBXFileReference; lastKnownFileType = sourcecode.swift; path = ListItem.swift; sourceTree = "<group>"; };
/* End PBXFileReference section */

/* Begin PBXFrameworksBuildPhase section */
		4ACBDEC224A55565002BEF4C /* Frameworks */ = {
			isa = PBXFrameworksBuildPhase;
			buildActionMask = 2147483647;
			files = (
			);
			runOnlyForDeploymentPostprocessing = 0;
		};
/* End PBXFrameworksBuildPhase section */

/* Begin PBXGroup section */
		4AA472E024A790640048F100 /* Helpers */ = {
			isa = PBXGroup;
			children = (
				4AA472E124A790760048F100 /* ImageLoader.swift */,
				4A96483324A7C0A4006753C5 /* NetworkLoader.swift */,
			);
			path = Helpers;
			sourceTree = "<group>";
		};
		4AA472E324A796170048F100 /* Layout */ = {
			isa = PBXGroup;
			children = (
				4ACBDECC24A55565002BEF4C /* ContentView.swift */,
				4A96482F24A7987C006753C5 /* ContactListView.swift */,
				4A96483124A7A8B6006753C5 /* ContactDetailView.swift */,
			);
			path = Layout;
			sourceTree = "<group>";
		};
		4ACBDEBC24A55565002BEF4C = {
			isa = PBXGroup;
			children = (
				4ACBDEC724A55565002BEF4C /* Contacts */,
				4ACBDEC624A55565002BEF4C /* Products */,
			);
			sourceTree = "<group>";
		};
		4ACBDEC624A55565002BEF4C /* Products */ = {
			isa = PBXGroup;
			children = (
				4ACBDEC524A55565002BEF4C /* Contacts.app */,
			);
			name = Products;
			sourceTree = "<group>";
		};
		4ACBDEC724A55565002BEF4C /* Contacts */ = {
			isa = PBXGroup;
			children = (
				4AA472E324A796170048F100 /* Layout */,
				4AA472E024A790640048F100 /* Helpers */,
				4ACBDEC824A55565002BEF4C /* AppDelegate.swift */,
				4ACBDECA24A55565002BEF4C /* SceneDelegate.swift */,
				4ACBDEE124A56A1D002BEF4C /* Component */,
				4ACBDECE24A55566002BEF4C /* Assets.xcassets */,
				4ACBDED324A55566002BEF4C /* LaunchScreen.storyboard */,
				4ACBDED624A55566002BEF4C /* Info.plist */,
				4ACBDED024A55566002BEF4C /* Preview Content */,
				4ACBDEE024A56757002BEF4C /* Model */,
			);
			path = Contacts;
			sourceTree = "<group>";
		};
		4ACBDED024A55566002BEF4C /* Preview Content */ = {
			isa = PBXGroup;
			children = (
				4ACBDED124A55566002BEF4C /* Preview Assets.xcassets */,
			);
			path = "Preview Content";
			sourceTree = "<group>";
		};
		4ACBDEE024A56757002BEF4C /* Model */ = {
			isa = PBXGroup;
			children = (
				4ACBDEDE24A56713002BEF4C /* Contact.swift */,
			);
			path = Model;
			sourceTree = "<group>";
		};
		4ACBDEE124A56A1D002BEF4C /* Component */ = {
			isa = PBXGroup;
			children = (
				4ACBDEDC24A56456002BEF4C /* CircleImage.swift */,
				4ACBDEE224A56BA9002BEF4C /* ListItem.swift */,
			);
			path = Component;
			sourceTree = "<group>";
		};
/* End PBXGroup section */

/* Begin PBXNativeTarget section */
		4ACBDEC424A55565002BEF4C /* Contacts */ = {
			isa = PBXNativeTarget;
			buildConfigurationList = 4ACBDED924A55566002BEF4C /* Build configuration list for PBXNativeTarget "Contacts" */;
			buildPhases = (
				4ACBDEC124A55565002BEF4C /* Sources */,
				4ACBDEC224A55565002BEF4C /* Frameworks */,
				4ACBDEC324A55565002BEF4C /* Resources */,
			);
			buildRules = (
			);
			dependencies = (
			);
			name = Contacts;
			productName = "Declarative UI";
			productReference = 4ACBDEC524A55565002BEF4C /* Contacts.app */;
			productType = "com.apple.product-type.application";
		};
/* End PBXNativeTarget section */

/* Begin PBXProject section */
		4ACBDEBD24A55565002BEF4C /* Project object */ = {
			isa = PBXProject;
			attributes = {
				LastSwiftUpdateCheck = 1150;
				LastUpgradeCheck = 1150;
				ORGANIZATIONNAME = "Ana Coimbra";
				TargetAttributes = {
					4ACBDEC424A55565002BEF4C = {
						CreatedOnToolsVersion = 11.5;
					};
				};
			};
			buildConfigurationList = 4ACBDEC024A55565002BEF4C /* Build configuration list for PBXProject "Contacts" */;
			compatibilityVersion = "Xcode 9.3";
			developmentRegion = en;
			hasScannedForEncodings = 0;
			knownRegions = (
				en,
				Base,
			);
			mainGroup = 4ACBDEBC24A55565002BEF4C;
			productRefGroup = 4ACBDEC624A55565002BEF4C /* Products */;
			projectDirPath = "";
			projectRoot = "";
			targets = (
				4ACBDEC424A55565002BEF4C /* Contacts */,
			);
		};
/* End PBXProject section */

/* Begin PBXResourcesBuildPhase section */
		4ACBDEC324A55565002BEF4C /* Resources */ = {
			isa = PBXResourcesBuildPhase;
			buildActionMask = 2147483647;
			files = (
				4ACBDED524A55566002BEF4C /* LaunchScreen.storyboard in Resources */,
				4ACBDED224A55566002BEF4C /* Preview Assets.xcassets in Resources */,
				4ACBDECF24A55566002BEF4C /* Assets.xcassets in Resources */,
			);
			runOnlyForDeploymentPostprocessing = 0;
		};
/* End PBXResourcesBuildPhase section */

/* Begin PBXSourcesBuildPhase section */
		4ACBDEC124A55565002BEF4C /* Sources */ = {
			isa = PBXSourcesBuildPhase;
			buildActionMask = 2147483647;
			files = (
				4A96483024A7987C006753C5 /* ContactListView.swift in Sources */,
				4ACBDEE324A56BA9002BEF4C /* ListItem.swift in Sources */,
				4ACBDEC924A55565002BEF4C /* AppDelegate.swift in Sources */,
				4A96483424A7C0A4006753C5 /* NetworkLoader.swift in Sources */,
				4A96483224A7A8B6006753C5 /* ContactDetailView.swift in Sources */,
				4ACBDEDD24A56456002BEF4C /* CircleImage.swift in Sources */,
				4ACBDEDF24A56713002BEF4C /* Contact.swift in Sources */,
				4ACBDECB24A55565002BEF4C /* SceneDelegate.swift in Sources */,
				4AA472E224A790760048F100 /* ImageLoader.swift in Sources */,
				4ACBDECD24A55565002BEF4C /* ContentView.swift in Sources */,
			);
			runOnlyForDeploymentPostprocessing = 0;
		};
/* End PBXSourcesBuildPhase section */

/* Begin PBXVariantGroup section */
		4ACBDED324A55566002BEF4C /* LaunchScreen.storyboard */ = {
			isa = PBXVariantGroup;
			children = (
				4ACBDED424A55566002BEF4C /* Base */,
			);
			name = LaunchScreen.storyboard;
			sourceTree = "<group>";
		};
/* End PBXVariantGroup section */

/* Begin XCBuildConfiguration section */
		4ACBDED724A55566002BEF4C /* Debug */ = {
			isa = XCBuildConfiguration;
			buildSettings = {
				ALWAYS_SEARCH_USER_PATHS = NO;
				CLANG_ANALYZER_NONNULL = YES;
				CLANG_ANALYZER_NUMBER_OBJECT_CONVERSION = YES_AGGRESSIVE;
				CLANG_CXX_LANGUAGE_STANDARD = "gnu++14";
				CLANG_CXX_LIBRARY = "libc++";
				CLANG_ENABLE_MODULES = YES;
				CLANG_ENABLE_OBJC_ARC = YES;
				CLANG_ENABLE_OBJC_WEAK = YES;
				CLANG_WARN_BLOCK_CAPTURE_AUTORELEASING = YES;
				CLANG_WARN_BOOL_CONVERSION = YES;
				CLANG_WARN_COMMA = YES;
				CLANG_WARN_CONSTANT_CONVERSION = YES;
				CLANG_WARN_DEPRECATED_OBJC_IMPLEMENTATIONS = YES;
				CLANG_WARN_DIRECT_OBJC_ISA_USAGE = YES_ERROR;
				CLANG_WARN_DOCUMENTATION_COMMENTS = YES;
				CLANG_WARN_EMPTY_BODY = YES;
				CLANG_WARN_ENUM_CONVERSION = YES;
				CLANG_WARN_INFINITE_RECURSION = YES;
				CLANG_WARN_INT_CONVERSION = YES;
				CLANG_WARN_NON_LITERAL_NULL_CONVERSION = YES;
				CLANG_WARN_OBJC_IMPLICIT_RETAIN_SELF = YES;
				CLANG_WARN_OBJC_LITERAL_CONVERSION = YES;
				CLANG_WARN_OBJC_ROOT_CLASS = YES_ERROR;
				CLANG_WARN_RANGE_LOOP_ANALYSIS = YES;
				CLANG_WARN_STRICT_PROTOTYPES = YES;
				CLANG_WARN_SUSPICIOUS_MOVE = YES;
				CLANG_WARN_UNGUARDED_AVAILABILITY = YES_AGGRESSIVE;
				CLANG_WARN_UNREACHABLE_CODE = YES;
				CLANG_WARN__DUPLICATE_METHOD_MATCH = YES;
				COPY_PHASE_STRIP = NO;
				DEBUG_INFORMATION_FORMAT = dwarf;
				ENABLE_STRICT_OBJC_MSGSEND = YES;
				ENABLE_TESTABILITY = YES;
				GCC_C_LANGUAGE_STANDARD = gnu11;
				GCC_DYNAMIC_NO_PIC = NO;
				GCC_NO_COMMON_BLOCKS = YES;
				GCC_OPTIMIZATION_LEVEL = 0;
				GCC_PREPROCESSOR_DEFINITIONS = (
					"DEBUG=1",
					"$(inherited)",
				);
				GCC_WARN_64_TO_32_BIT_CONVERSION = YES;
				GCC_WARN_ABOUT_RETURN_TYPE = YES_ERROR;
				GCC_WARN_UNDECLARED_SELECTOR = YES;
				GCC_WARN_UNINITIALIZED_AUTOS = YES_AGGRESSIVE;
				GCC_WARN_UNUSED_FUNCTION = YES;
				GCC_WARN_UNUSED_VARIABLE = YES;
				IPHONEOS_DEPLOYMENT_TARGET = 13.5;
				MTL_ENABLE_DEBUG_INFO = INCLUDE_SOURCE;
				MTL_FAST_MATH = YES;
				ONLY_ACTIVE_ARCH = YES;
				SDKROOT = iphoneos;
				SWIFT_ACTIVE_COMPILATION_CONDITIONS = DEBUG;
				SWIFT_OPTIMIZATION_LEVEL = "-Onone";
			};
			name = Debug;
		};
		4ACBDED824A55566002BEF4C /* Release */ = {
			isa = XCBuildConfiguration;
			buildSettings = {
				ALWAYS_SEARCH_USER_PATHS = NO;
				CLANG_ANALYZER_NONNULL = YES;
				CLANG_ANALYZER_NUMBER_OBJECT_CONVERSION = YES_AGGRESSIVE;
				CLANG_CXX_LANGUAGE_STANDARD = "gnu++14";
				CLANG_CXX_LIBRARY = "libc++";
				CLANG_ENABLE_MODULES = YES;
				CLANG_ENABLE_OBJC_ARC = YES;
				CLANG_ENABLE_OBJC_WEAK = YES;
				CLANG_WARN_BLOCK_CAPTURE_AUTORELEASING = YES;
				CLANG_WARN_BOOL_CONVERSION = YES;
				CLANG_WARN_COMMA = YES;
				CLANG_WARN_CONSTANT_CONVERSION = YES;
				CLANG_WARN_DEPRECATED_OBJC_IMPLEMENTATIONS = YES;
				CLANG_WARN_DIRECT_OBJC_ISA_USAGE = YES_ERROR;
				CLANG_WARN_DOCUMENTATION_COMMENTS = YES;
				CLANG_WARN_EMPTY_BODY = YES;
				CLANG_WARN_ENUM_CONVERSION = YES;
				CLANG_WARN_INFINITE_RECURSION = YES;
				CLANG_WARN_INT_CONVERSION = YES;
				CLANG_WARN_NON_LITERAL_NULL_CONVERSION = YES;
				CLANG_WARN_OBJC_IMPLICIT_RETAIN_SELF = YES;
				CLANG_WARN_OBJC_LITERAL_CONVERSION = YES;
				CLANG_WARN_OBJC_ROOT_CLASS = YES_ERROR;
				CLANG_WARN_RANGE_LOOP_ANALYSIS = YES;
				CLANG_WARN_STRICT_PROTOTYPES = YES;
				CLANG_WARN_SUSPICIOUS_MOVE = YES;
				CLANG_WARN_UNGUARDED_AVAILABILITY = YES_AGGRESSIVE;
				CLANG_WARN_UNREACHABLE_CODE = YES;
				CLANG_WARN__DUPLICATE_METHOD_MATCH = YES;
				COPY_PHASE_STRIP = NO;
				DEBUG_INFORMATION_FORMAT = "dwarf-with-dsym";
				ENABLE_NS_ASSERTIONS = NO;
				ENABLE_STRICT_OBJC_MSGSEND = YES;
				GCC_C_LANGUAGE_STANDARD = gnu11;
				GCC_NO_COMMON_BLOCKS = YES;
				GCC_WARN_64_TO_32_BIT_CONVERSION = YES;
				GCC_WARN_ABOUT_RETURN_TYPE = YES_ERROR;
				GCC_WARN_UNDECLARED_SELECTOR = YES;
				GCC_WARN_UNINITIALIZED_AUTOS = YES_AGGRESSIVE;
				GCC_WARN_UNUSED_FUNCTION = YES;
				GCC_WARN_UNUSED_VARIABLE = YES;
				IPHONEOS_DEPLOYMENT_TARGET = 13.5;
				MTL_ENABLE_DEBUG_INFO = NO;
				MTL_FAST_MATH = YES;
				SDKROOT = iphoneos;
				SWIFT_COMPILATION_MODE = wholemodule;
				SWIFT_OPTIMIZATION_LEVEL = "-O";
				VALIDATE_PRODUCT = YES;
			};
			name = Release;
		};
		4ACBDEDA24A55566002BEF4C /* Debug */ = {
			isa = XCBuildConfiguration;
			buildSettings = {
				ASSETCATALOG_COMPILER_APPICON_NAME = AppIcon;
				CODE_SIGN_STYLE = Automatic;
				DEVELOPMENT_ASSET_PATHS = "\"Contacts/Preview Content\"";
				ENABLE_PREVIEWS = YES;
				INFOPLIST_FILE = Contacts/Info.plist;
				LD_RUNPATH_SEARCH_PATHS = (
					"$(inherited)",
					"@executable_path/Frameworks",
				);
				PRODUCT_BUNDLE_IDENTIFIER = com.anacoimbra.ios.contacts;
				PRODUCT_NAME = Contacts;
				SWIFT_VERSION = 5.0;
				TARGETED_DEVICE_FAMILY = "1,2";
			};
			name = Debug;
		};
		4ACBDEDB24A55566002BEF4C /* Release */ = {
			isa = XCBuildConfiguration;
			buildSettings = {
				ASSETCATALOG_COMPILER_APPICON_NAME = AppIcon;
				CODE_SIGN_STYLE = Automatic;
				DEVELOPMENT_ASSET_PATHS = "\"Contacts/Preview Content\"";
				ENABLE_PREVIEWS = YES;
				INFOPLIST_FILE = Contacts/Info.plist;
				LD_RUNPATH_SEARCH_PATHS = (
					"$(inherited)",
					"@executable_path/Frameworks",
				);
				PRODUCT_BUNDLE_IDENTIFIER = com.anacoimbra.ios.contacts;
				PRODUCT_NAME = Contacts;
				SWIFT_VERSION = 5.0;
				TARGETED_DEVICE_FAMILY = "1,2";
			};
			name = Release;
		};
/* End XCBuildConfiguration section */

/* Begin XCConfigurationList section */
		4ACBDEC024A55565002BEF4C /* Build configuration list for PBXProject "Contacts" */ = {
			isa = XCConfigurationList;
			buildConfigurations = (
				4ACBDED724A55566002BEF4C /* Debug */,
				4ACBDED824A55566002BEF4C /* Release */,
			);
			defaultConfigurationIsVisible = 0;
			defaultConfigurationName = Release;
		};
		4ACBDED924A55566002BEF4C /* Build configuration list for PBXNativeTarget "Contacts" */ = {
			isa = XCConfigurationList;
			buildConfigurations = (
				4ACBDEDA24A55566002BEF4C /* Debug */,
				4ACBDEDB24A55566002BEF4C /* Release */,
			);
			defaultConfigurationIsVisible = 0;
			defaultConfigurationName = Release;
		};
/* End XCConfigurationList section */
	};
	rootObject = 4ACBDEBD24A55565002BEF4C /* Project object */;
}
